<?xml version="1.0" encoding="UTF-8" standalone="yes" ?>
<CodeBlocks_project_file>
   <FileVersion major="1" minor="6" />
   <Project>
      <Option title="OCEmulator" />
      <Option makefile_is_custom="1" />
      <Option compiler="gcc" />
      <Option virtualFolders="CMake Files\;" />
      <Build>
      <Target title="all">
         <Option working_dir="/home/azelk/Projects/C++/OCEmulator/src" />
         <Option type="4" />
         <MakeCommands>
            <Build command="/usr/bin/make -f &quot;/home/azelk/Projects/C++/OCEmulator/src/Makefile&quot;  VERBOSE=1 all" />
            <CompileFile command="/usr/bin/make -f &quot;/home/azelk/Projects/C++/OCEmulator/src/Makefile&quot;  VERBOSE=1 &quot;$file&quot;" />
            <Clean command="/usr/bin/make -f &quot;/home/azelk/Projects/C++/OCEmulator/src/Makefile&quot;  VERBOSE=1 clean" />
            <DistClean command="/usr/bin/make -f &quot;/home/azelk/Projects/C++/OCEmulator/src/Makefile&quot;  VERBOSE=1 clean" />
         </MakeCommands>
      </Target>
      <Target title="OCEmulator">
         <Option output="/home/azelk/Projects/C++/OCEmulator/src/OCEmulator" prefix_auto="0" extension_auto="0" />
         <Option working_dir="" />
         <Option object_output="./" />
         <Option type="1" />
         <Option compiler="gcc" />
         <Compiler>
            <Add option="-DQT_NO_DEBUG" />
            <Add option="-DQT_GUI_LIB" />
            <Add option="-DQT_CORE_LIB" />
            <Add directory="/home/azelk/Projects/C++/OCEmulator/src" />
            <Add directory="/usr/include/qt4" />
            <Add directory="/usr/include/qt4/QtCore" />
            <Add directory="/usr/include/qt4/QtGui" />
         </Compiler>
         <MakeCommands>
            <Build command="/usr/bin/make -f &quot;/home/azelk/Projects/C++/OCEmulator/src/Makefile&quot;  VERBOSE=1 OCEmulator" />
            <CompileFile command="/usr/bin/make -f &quot;/home/azelk/Projects/C++/OCEmulator/src/Makefile&quot;  VERBOSE=1 &quot;$file&quot;" />
            <Clean command="/usr/bin/make -f &quot;/home/azelk/Projects/C++/OCEmulator/src/Makefile&quot;  VERBOSE=1 clean" />
            <DistClean command="/usr/bin/make -f &quot;/home/azelk/Projects/C++/OCEmulator/src/Makefile&quot;  VERBOSE=1 clean" />
         </MakeCommands>
      </Target>
      <Target title="OCEmulator/fast">
         <Option output="/home/azelk/Projects/C++/OCEmulator/src/OCEmulator" prefix_auto="0" extension_auto="0" />
         <Option working_dir="" />
         <Option object_output="./" />
         <Option type="1" />
         <Option compiler="gcc" />
         <Compiler>
            <Add option="-DQT_NO_DEBUG" />
            <Add option="-DQT_GUI_LIB" />
            <Add option="-DQT_CORE_LIB" />
            <Add directory="/home/azelk/Projects/C++/OCEmulator/src" />
            <Add directory="/usr/include/qt4" />
            <Add directory="/usr/include/qt4/QtCore" />
            <Add directory="/usr/include/qt4/QtGui" />
         </Compiler>
         <MakeCommands>
            <Build command="/usr/bin/make -f &quot;/home/azelk/Projects/C++/OCEmulator/src/Makefile&quot;  VERBOSE=1 OCEmulator/fast" />
            <CompileFile command="/usr/bin/make -f &quot;/home/azelk/Projects/C++/OCEmulator/src/Makefile&quot;  VERBOSE=1 &quot;$file&quot;" />
            <Clean command="/usr/bin/make -f &quot;/home/azelk/Projects/C++/OCEmulator/src/Makefile&quot;  VERBOSE=1 clean" />
            <DistClean command="/usr/bin/make -f &quot;/home/azelk/Projects/C++/OCEmulator/src/Makefile&quot;  VERBOSE=1 clean" />
         </MakeCommands>
      </Target>
      <Target title="edit_cache">
         <Option working_dir="/home/azelk/Projects/C++/OCEmulator/src" />
         <Option type="4" />
         <MakeCommands>
            <Build command="/usr/bin/make -f &quot;/home/azelk/Projects/C++/OCEmulator/src/Makefile&quot;  VERBOSE=1 edit_cache" />
            <CompileFile command="/usr/bin/make -f &quot;/home/azelk/Projects/C++/OCEmulator/src/Makefile&quot;  VERBOSE=1 &quot;$file&quot;" />
            <Clean command="/usr/bin/make -f &quot;/home/azelk/Projects/C++/OCEmulator/src/Makefile&quot;  VERBOSE=1 clean" />
            <DistClean command="/usr/bin/make -f &quot;/home/azelk/Projects/C++/OCEmulator/src/Makefile&quot;  VERBOSE=1 clean" />
         </MakeCommands>
      </Target>
      <Target title="rebuild_cache">
         <Option working_dir="/home/azelk/Projects/C++/OCEmulator/src" />
         <Option type="4" />
         <MakeCommands>
            <Build command="/usr/bin/make -f &quot;/home/azelk/Projects/C++/OCEmulator/src/Makefile&quot;  VERBOSE=1 rebuild_cache" />
            <CompileFile command="/usr/bin/make -f &quot;/home/azelk/Projects/C++/OCEmulator/src/Makefile&quot;  VERBOSE=1 &quot;$file&quot;" />
            <Clean command="/usr/bin/make -f &quot;/home/azelk/Projects/C++/OCEmulator/src/Makefile&quot;  VERBOSE=1 clean" />
            <DistClean command="/usr/bin/make -f &quot;/home/azelk/Projects/C++/OCEmulator/src/Makefile&quot;  VERBOSE=1 clean" />
         </MakeCommands>
      </Target>
      </Build>
      <Unit filename="/home/azelk/Projects/C++/OCEmulator/src/compinstance.cpp">
      </Unit>
      <Unit filename="/home/azelk/Projects/C++/OCEmulator/src/component.cpp">
      </Unit>
      <Unit filename="/home/azelk/Projects/C++/OCEmulator/src/componentgpu.cpp">
      </Unit>
      <Unit filename="/home/azelk/Projects/C++/OCEmulator/src/filesystemcomponent.cpp">
      </Unit>
      <Unit filename="/home/azelk/Projects/C++/OCEmulator/src/main.cpp">
      </Unit>
      <Unit filename="/home/azelk/Projects/C++/OCEmulator/src/mainwindow.cpp">
      </Unit>
      <Unit filename="/home/azelk/Projects/C++/OCEmulator/src/screencomponent.cpp">
      </Unit>
      <Unit filename="/home/azelk/Projects/C++/OCEmulator/src/compinstance.h">
      </Unit>
      <Unit filename="/home/azelk/Projects/C++/OCEmulator/src/component.h">
      </Unit>
      <Unit filename="/home/azelk/Projects/C++/OCEmulator/src/componentgpu.h">
      </Unit>
      <Unit filename="/home/azelk/Projects/C++/OCEmulator/src/filesystemcomponent.h">
      </Unit>
      <Unit filename="/home/azelk/Projects/C++/OCEmulator/src/fonts.qrc">
      </Unit>
      <Unit filename="/home/azelk/Projects/C++/OCEmulator/src/mainwindow.h">
      </Unit>
      <Unit filename="/home/azelk/Projects/C++/OCEmulator/src/mainwindow.ui">
      </Unit>
      <Unit filename="/home/azelk/Projects/C++/OCEmulator/src/screencomponent.h">
      </Unit>
      <Unit filename="/home/azelk/Projects/C++/OCEmulator/src/CMakeLists.txt">
          <Option virtualFolder="CMake Files\" />
      </Unit>
      <Unit filename="/home/azelk/Projects/C++/OCEmulator/src/FindICU.cmake">
          <Option virtualFolder="CMake Files\" />
      </Unit>
      <Unit filename="/home/azelk/Projects/C++/OCEmulator/src/FindSDL2.cmake">
          <Option virtualFolder="CMake Files\" />
      </Unit>
      <Unit filename="/home/azelk/Projects/C++/OCEmulator/src/fonts.qrc">
          <Option virtualFolder="CMake Files\" />
      </Unit>
   </Project>
</CodeBlocks_project_file>
